
Microsoft Visual Studio Solution File, Format Version 12.00
# Visual Studio Version 16
VisualStudioVersion = 16.0.31205.134
MinimumVisualStudioVersion = 10.0.40219.1
Project("{FAE04EC0-301F-11D3-BF4B-00C04F79EFBC}") = "Olympus", "Olympus\Olympus.csproj", "{A1243697-A169-4ACA-88DC-29C67D485324}"
EndProject
Global
	GlobalSection(SolutionConfigurationPlatforms) = preSolution
		Debug|Any CPU = Debug|Any CPU
		Debug|x64 = Debug|x64
		Release|Any CPU = Release|Any CPU
		Release|x64 = Release|x64
	EndGlobalSection
	GlobalSection(ProjectConfigurationPlatforms) = postSolution
		{A1243697-A169-4ACA-88DC-29C67D485324}.Debug|Any CPU.ActiveCfg = Debug|Any CPU
		{A1243697-A169-4ACA-88DC-29C67D485324}.Debug|Any CPU.Build.0 = Debug|Any CPU
		{A1243697-A169-4ACA-88DC-29C67D485324}.Debug|x64.ActiveCfg = Debug|Any CPU
		{A1243697-A169-4ACA-88DC-29C67D485324}.Debug|x64.Build.0 = Debug|Any CPU
		{A1243697-A169-4ACA-88DC-29C67D485324}.Release|Any CPU.ActiveCfg = Release|Any CPU
		{A1243697-A169-4ACA-88DC-29C67D485324}.Release|Any CPU.Build.0 = Release|Any CPU
		{A1243697-A169-4ACA-88DC-29C67D485324}.Release|x64.ActiveCfg = Release|Any CPU
		{A1243697-A169-4ACA-88DC-29C67D485324}.Release|x64.Build.0 = Release|Any CPU
	EndGlobalSection
	GlobalSection(SolutionProperties) = preSolution
		HideSolutionNode = FALSE
	EndGlobalSection
	GlobalSection(ExtensibilityGlobals) = postSolution
		SolutionGuid = {5FB48160-63C5-4330-A174-EB7844A039AE}
	EndGlobalSection
EndGlobal
