
Microsoft Visual Studio Solution File, Format Version 12.00
# Visual Studio Version 17
VisualStudioVersion = 17.1.32210.238
MinimumVisualStudioVersion = 10.0.40219.1
Project("{9A19103F-16F7-4668-BE54-9A1E7A4F7556}") = "Olympus", "Olympus\Olympus.csproj", "{7415656B-5EF6-4FF7-927F-F90DFDD5E694}"
EndProject
Project("{9A19103F-16F7-4668-BE54-9A1E7A4F7556}") = "Uranus", "Uranus\Uranus.csproj", "{FE027230-9584-45B1-A91A-F7BA4E32E85D}"
EndProject
Project("{9A19103F-16F7-4668-BE54-9A1E7A4F7556}") = "Styx", "Styx\Styx.csproj", "{3399630F-31DF-4E9D-B2DF-2D37D6382571}"
EndProject
Project("{9A19103F-16F7-4668-BE54-9A1E7A4F7556}") = "Khaos", "Khaos\Khaos.csproj", "{0EA467BE-9751-4BCB-B87D-A923B26E67AE}"
EndProject
Project("{9A19103F-16F7-4668-BE54-9A1E7A4F7556}") = "Phoenix", "Phoenix\Phoenix.csproj", "{FB241CE8-9AD2-4C25-ADC6-C8655AB9B6E7}"
EndProject
Project("{9A19103F-16F7-4668-BE54-9A1E7A4F7556}") = "Pantheon", "Pantheon\Pantheon.csproj", "{A9E92F45-D423-4CB4-B1D3-3122E86FA89B}"
EndProject
Project("{9A19103F-16F7-4668-BE54-9A1E7A4F7556}") = "Prometheus", "Prometheus\Prometheus.csproj", "{64C6AB66-71C7-4052-A227-68EC9322487E}"
EndProject
Project("{9A19103F-16F7-4668-BE54-9A1E7A4F7556}") = "Vulcan", "Vulcan\Vulcan.csproj", "{76E00E8D-B46E-4582-9658-3D9D6E603DAC}"
EndProject
Project("{9A19103F-16F7-4668-BE54-9A1E7A4F7556}") = "Aion", "Aion\Aion.csproj", "{2D47D9D2-546A-446F-A634-DE4D9D64A929}"
EndProject
Project("{9A19103F-16F7-4668-BE54-9A1E7A4F7556}") = "AionClock", "AionClock\AionClock.csproj", "{D4ACC0F3-D31F-4372-9E32-C4EB864EABB2}"
EndProject
Project("{9A19103F-16F7-4668-BE54-9A1E7A4F7556}") = "Gigantomachy", "Gigantomachy\Gigantomachy.csproj", "{3A70FF33-4999-4974-9AB8-3A1947B4393B}"
EndProject
Project("{9A19103F-16F7-4668-BE54-9A1E7A4F7556}") = "Hydra", "Hydra\Hydra.csproj", "{BDE46A51-7F72-4511-BF37-8F1E76BC8324}"
EndProject
Project("{9A19103F-16F7-4668-BE54-9A1E7A4F7556}") = "Morpheus", "Morpheus\Morpheus.csproj", "{EC939CE7-ED2E-4493-A29C-86AD46C2CB17}"
EndProject
Project("{9A19103F-16F7-4668-BE54-9A1E7A4F7556}") = "FixedBinChecker", "FixedBinChecker\FixedBinChecker.csproj", "{7E24B7C5-D670-4EC4-AF06-C3EEA179B879}"
EndProject
Project("{9A19103F-16F7-4668-BE54-9A1E7A4F7556}") = "Cadmus", "Cadmus\Cadmus.csproj", "{66CF008A-9914-412F-BB5E-95E268C76DF0}"
EndProject
Project("{FAE04EC0-301F-11D3-BF4B-00C04F79EFBC}") = "Hades", "Hades\Hades.csproj", "{E112AA53-64B5-46B3-A63B-12046B5FFD41}"
EndProject
Project("{FAE04EC0-301F-11D3-BF4B-00C04F79EFBC}") = "Panacea", "Panacea\Panacea.csproj", "{B2D1BFA4-0C8F-49A4-A1B5-59C6773B8922}"
EndProject
Global
	GlobalSection(SolutionConfigurationPlatforms) = preSolution
		ClockDebug|Any CPU = ClockDebug|Any CPU
		Debug|Any CPU = Debug|Any CPU
		Release|Any CPU = Release|Any CPU
	EndGlobalSection
	GlobalSection(ProjectConfigurationPlatforms) = postSolution
		{7415656B-5EF6-4FF7-927F-F90DFDD5E694}.ClockDebug|Any CPU.ActiveCfg = Debug|Any CPU
		{7415656B-5EF6-4FF7-927F-F90DFDD5E694}.ClockDebug|Any CPU.Build.0 = Debug|Any CPU
		{7415656B-5EF6-4FF7-927F-F90DFDD5E694}.Debug|Any CPU.ActiveCfg = Debug|Any CPU
		{7415656B-5EF6-4FF7-927F-F90DFDD5E694}.Debug|Any CPU.Build.0 = Debug|Any CPU
		{7415656B-5EF6-4FF7-927F-F90DFDD5E694}.Release|Any CPU.ActiveCfg = Release|Any CPU
		{7415656B-5EF6-4FF7-927F-F90DFDD5E694}.Release|Any CPU.Build.0 = Release|Any CPU
		{FE027230-9584-45B1-A91A-F7BA4E32E85D}.ClockDebug|Any CPU.ActiveCfg = Debug|Any CPU
		{FE027230-9584-45B1-A91A-F7BA4E32E85D}.ClockDebug|Any CPU.Build.0 = Debug|Any CPU
		{FE027230-9584-45B1-A91A-F7BA4E32E85D}.Debug|Any CPU.ActiveCfg = Debug|Any CPU
		{FE027230-9584-45B1-A91A-F7BA4E32E85D}.Debug|Any CPU.Build.0 = Debug|Any CPU
		{FE027230-9584-45B1-A91A-F7BA4E32E85D}.Release|Any CPU.ActiveCfg = Release|Any CPU
		{FE027230-9584-45B1-A91A-F7BA4E32E85D}.Release|Any CPU.Build.0 = Release|Any CPU
		{3399630F-31DF-4E9D-B2DF-2D37D6382571}.ClockDebug|Any CPU.ActiveCfg = Debug|Any CPU
		{3399630F-31DF-4E9D-B2DF-2D37D6382571}.ClockDebug|Any CPU.Build.0 = Debug|Any CPU
		{3399630F-31DF-4E9D-B2DF-2D37D6382571}.Debug|Any CPU.ActiveCfg = Debug|Any CPU
		{3399630F-31DF-4E9D-B2DF-2D37D6382571}.Debug|Any CPU.Build.0 = Debug|Any CPU
		{3399630F-31DF-4E9D-B2DF-2D37D6382571}.Release|Any CPU.ActiveCfg = Release|Any CPU
		{3399630F-31DF-4E9D-B2DF-2D37D6382571}.Release|Any CPU.Build.0 = Release|Any CPU
		{0EA467BE-9751-4BCB-B87D-A923B26E67AE}.ClockDebug|Any CPU.ActiveCfg = Debug|Any CPU
		{0EA467BE-9751-4BCB-B87D-A923B26E67AE}.ClockDebug|Any CPU.Build.0 = Debug|Any CPU
		{0EA467BE-9751-4BCB-B87D-A923B26E67AE}.Debug|Any CPU.ActiveCfg = Debug|Any CPU
		{0EA467BE-9751-4BCB-B87D-A923B26E67AE}.Debug|Any CPU.Build.0 = Debug|Any CPU
		{0EA467BE-9751-4BCB-B87D-A923B26E67AE}.Release|Any CPU.ActiveCfg = Release|Any CPU
		{0EA467BE-9751-4BCB-B87D-A923B26E67AE}.Release|Any CPU.Build.0 = Release|Any CPU
		{FB241CE8-9AD2-4C25-ADC6-C8655AB9B6E7}.ClockDebug|Any CPU.ActiveCfg = Debug|Any CPU
		{FB241CE8-9AD2-4C25-ADC6-C8655AB9B6E7}.ClockDebug|Any CPU.Build.0 = Debug|Any CPU
		{FB241CE8-9AD2-4C25-ADC6-C8655AB9B6E7}.Debug|Any CPU.ActiveCfg = Debug|Any CPU
		{FB241CE8-9AD2-4C25-ADC6-C8655AB9B6E7}.Debug|Any CPU.Build.0 = Debug|Any CPU
		{FB241CE8-9AD2-4C25-ADC6-C8655AB9B6E7}.Release|Any CPU.ActiveCfg = Release|Any CPU
		{FB241CE8-9AD2-4C25-ADC6-C8655AB9B6E7}.Release|Any CPU.Build.0 = Release|Any CPU
		{A9E92F45-D423-4CB4-B1D3-3122E86FA89B}.ClockDebug|Any CPU.ActiveCfg = Debug|Any CPU
		{A9E92F45-D423-4CB4-B1D3-3122E86FA89B}.ClockDebug|Any CPU.Build.0 = Debug|Any CPU
		{A9E92F45-D423-4CB4-B1D3-3122E86FA89B}.Debug|Any CPU.ActiveCfg = Debug|Any CPU
		{A9E92F45-D423-4CB4-B1D3-3122E86FA89B}.Debug|Any CPU.Build.0 = Debug|Any CPU
		{A9E92F45-D423-4CB4-B1D3-3122E86FA89B}.Release|Any CPU.ActiveCfg = Release|Any CPU
		{A9E92F45-D423-4CB4-B1D3-3122E86FA89B}.Release|Any CPU.Build.0 = Release|Any CPU
		{64C6AB66-71C7-4052-A227-68EC9322487E}.ClockDebug|Any CPU.ActiveCfg = Debug|Any CPU
		{64C6AB66-71C7-4052-A227-68EC9322487E}.ClockDebug|Any CPU.Build.0 = Debug|Any CPU
		{64C6AB66-71C7-4052-A227-68EC9322487E}.Debug|Any CPU.ActiveCfg = Debug|Any CPU
		{64C6AB66-71C7-4052-A227-68EC9322487E}.Debug|Any CPU.Build.0 = Debug|Any CPU
		{64C6AB66-71C7-4052-A227-68EC9322487E}.Release|Any CPU.ActiveCfg = Release|Any CPU
		{64C6AB66-71C7-4052-A227-68EC9322487E}.Release|Any CPU.Build.0 = Release|Any CPU
		{76E00E8D-B46E-4582-9658-3D9D6E603DAC}.ClockDebug|Any CPU.ActiveCfg = Debug|Any CPU
		{76E00E8D-B46E-4582-9658-3D9D6E603DAC}.ClockDebug|Any CPU.Build.0 = Debug|Any CPU
		{76E00E8D-B46E-4582-9658-3D9D6E603DAC}.Debug|Any CPU.ActiveCfg = Debug|Any CPU
		{76E00E8D-B46E-4582-9658-3D9D6E603DAC}.Debug|Any CPU.Build.0 = Debug|Any CPU
		{76E00E8D-B46E-4582-9658-3D9D6E603DAC}.Release|Any CPU.ActiveCfg = Release|Any CPU
		{76E00E8D-B46E-4582-9658-3D9D6E603DAC}.Release|Any CPU.Build.0 = Release|Any CPU
		{2D47D9D2-546A-446F-A634-DE4D9D64A929}.ClockDebug|Any CPU.ActiveCfg = ClockDebug|Any CPU
		{2D47D9D2-546A-446F-A634-DE4D9D64A929}.ClockDebug|Any CPU.Build.0 = ClockDebug|Any CPU
		{2D47D9D2-546A-446F-A634-DE4D9D64A929}.Debug|Any CPU.ActiveCfg = Debug|Any CPU
		{2D47D9D2-546A-446F-A634-DE4D9D64A929}.Debug|Any CPU.Build.0 = Debug|Any CPU
		{2D47D9D2-546A-446F-A634-DE4D9D64A929}.Release|Any CPU.ActiveCfg = Release|Any CPU
		{2D47D9D2-546A-446F-A634-DE4D9D64A929}.Release|Any CPU.Build.0 = Release|Any CPU
		{D4ACC0F3-D31F-4372-9E32-C4EB864EABB2}.ClockDebug|Any CPU.ActiveCfg = ClockDebug|Any CPU
		{D4ACC0F3-D31F-4372-9E32-C4EB864EABB2}.ClockDebug|Any CPU.Build.0 = ClockDebug|Any CPU
		{D4ACC0F3-D31F-4372-9E32-C4EB864EABB2}.Debug|Any CPU.ActiveCfg = Debug|Any CPU
		{D4ACC0F3-D31F-4372-9E32-C4EB864EABB2}.Debug|Any CPU.Build.0 = Debug|Any CPU
		{D4ACC0F3-D31F-4372-9E32-C4EB864EABB2}.Release|Any CPU.ActiveCfg = Release|Any CPU
		{D4ACC0F3-D31F-4372-9E32-C4EB864EABB2}.Release|Any CPU.Build.0 = Release|Any CPU
		{3A70FF33-4999-4974-9AB8-3A1947B4393B}.ClockDebug|Any CPU.ActiveCfg = Debug|Any CPU
		{3A70FF33-4999-4974-9AB8-3A1947B4393B}.ClockDebug|Any CPU.Build.0 = Debug|Any CPU
		{3A70FF33-4999-4974-9AB8-3A1947B4393B}.Debug|Any CPU.ActiveCfg = Debug|Any CPU
		{3A70FF33-4999-4974-9AB8-3A1947B4393B}.Debug|Any CPU.Build.0 = Debug|Any CPU
		{3A70FF33-4999-4974-9AB8-3A1947B4393B}.Release|Any CPU.ActiveCfg = Release|Any CPU
		{3A70FF33-4999-4974-9AB8-3A1947B4393B}.Release|Any CPU.Build.0 = Release|Any CPU
		{BDE46A51-7F72-4511-BF37-8F1E76BC8324}.ClockDebug|Any CPU.ActiveCfg = Debug|Any CPU
		{BDE46A51-7F72-4511-BF37-8F1E76BC8324}.ClockDebug|Any CPU.Build.0 = Debug|Any CPU
		{BDE46A51-7F72-4511-BF37-8F1E76BC8324}.Debug|Any CPU.ActiveCfg = Debug|Any CPU
		{BDE46A51-7F72-4511-BF37-8F1E76BC8324}.Debug|Any CPU.Build.0 = Debug|Any CPU
		{BDE46A51-7F72-4511-BF37-8F1E76BC8324}.Release|Any CPU.ActiveCfg = Release|Any CPU
		{BDE46A51-7F72-4511-BF37-8F1E76BC8324}.Release|Any CPU.Build.0 = Release|Any CPU
		{EC939CE7-ED2E-4493-A29C-86AD46C2CB17}.ClockDebug|Any CPU.ActiveCfg = Debug|Any CPU
		{EC939CE7-ED2E-4493-A29C-86AD46C2CB17}.ClockDebug|Any CPU.Build.0 = Debug|Any CPU
		{EC939CE7-ED2E-4493-A29C-86AD46C2CB17}.Debug|Any CPU.ActiveCfg = Debug|Any CPU
		{EC939CE7-ED2E-4493-A29C-86AD46C2CB17}.Debug|Any CPU.Build.0 = Debug|Any CPU
		{EC939CE7-ED2E-4493-A29C-86AD46C2CB17}.Release|Any CPU.ActiveCfg = Release|Any CPU
		{EC939CE7-ED2E-4493-A29C-86AD46C2CB17}.Release|Any CPU.Build.0 = Release|Any CPU
		{7E24B7C5-D670-4EC4-AF06-C3EEA179B879}.ClockDebug|Any CPU.ActiveCfg = Debug|Any CPU
		{7E24B7C5-D670-4EC4-AF06-C3EEA179B879}.ClockDebug|Any CPU.Build.0 = Debug|Any CPU
		{7E24B7C5-D670-4EC4-AF06-C3EEA179B879}.Debug|Any CPU.ActiveCfg = Debug|Any CPU
		{7E24B7C5-D670-4EC4-AF06-C3EEA179B879}.Debug|Any CPU.Build.0 = Debug|Any CPU
		{7E24B7C5-D670-4EC4-AF06-C3EEA179B879}.Release|Any CPU.ActiveCfg = Release|Any CPU
		{7E24B7C5-D670-4EC4-AF06-C3EEA179B879}.Release|Any CPU.Build.0 = Release|Any CPU
		{66CF008A-9914-412F-BB5E-95E268C76DF0}.ClockDebug|Any CPU.ActiveCfg = Debug|Any CPU
		{66CF008A-9914-412F-BB5E-95E268C76DF0}.ClockDebug|Any CPU.Build.0 = Debug|Any CPU
		{66CF008A-9914-412F-BB5E-95E268C76DF0}.Debug|Any CPU.ActiveCfg = Debug|Any CPU
		{66CF008A-9914-412F-BB5E-95E268C76DF0}.Debug|Any CPU.Build.0 = Debug|Any CPU
		{66CF008A-9914-412F-BB5E-95E268C76DF0}.Release|Any CPU.ActiveCfg = Release|Any CPU
		{66CF008A-9914-412F-BB5E-95E268C76DF0}.Release|Any CPU.Build.0 = Release|Any CPU
		{E112AA53-64B5-46B3-A63B-12046B5FFD41}.ClockDebug|Any CPU.ActiveCfg = Debug|Any CPU
		{E112AA53-64B5-46B3-A63B-12046B5FFD41}.ClockDebug|Any CPU.Build.0 = Debug|Any CPU
		{E112AA53-64B5-46B3-A63B-12046B5FFD41}.Debug|Any CPU.ActiveCfg = Debug|Any CPU
		{E112AA53-64B5-46B3-A63B-12046B5FFD41}.Debug|Any CPU.Build.0 = Debug|Any CPU
		{E112AA53-64B5-46B3-A63B-12046B5FFD41}.Release|Any CPU.ActiveCfg = Release|Any CPU
		{E112AA53-64B5-46B3-A63B-12046B5FFD41}.Release|Any CPU.Build.0 = Release|Any CPU
		{B2D1BFA4-0C8F-49A4-A1B5-59C6773B8922}.ClockDebug|Any CPU.ActiveCfg = Debug|Any CPU
		{B2D1BFA4-0C8F-49A4-A1B5-59C6773B8922}.ClockDebug|Any CPU.Build.0 = Debug|Any CPU
		{B2D1BFA4-0C8F-49A4-A1B5-59C6773B8922}.Debug|Any CPU.ActiveCfg = Debug|Any CPU
		{B2D1BFA4-0C8F-49A4-A1B5-59C6773B8922}.Debug|Any CPU.Build.0 = Debug|Any CPU
		{B2D1BFA4-0C8F-49A4-A1B5-59C6773B8922}.Release|Any CPU.ActiveCfg = Release|Any CPU
		{B2D1BFA4-0C8F-49A4-A1B5-59C6773B8922}.Release|Any CPU.Build.0 = Release|Any CPU
	EndGlobalSection
	GlobalSection(SolutionProperties) = preSolution
		HideSolutionNode = FALSE
	EndGlobalSection
	GlobalSection(ExtensibilityGlobals) = postSolution
		SolutionGuid = {5FB48160-63C5-4330-A174-EB7844A039AE}
	EndGlobalSection
EndGlobal
